// !$*UTF8*$!
{
	archiveVersion = 1;
	classes = {
	};
	objectVersion = 48;
	objects = {

/* Begin PBXBuildFile section */
		4800BC512167A02A00A108D7 /* LoginViewController.swift in Sources */ = {isa = PBXBuildFile; fileRef = 4800BC502167A02A00A108D7 /* LoginViewController.swift */; };
		4800BC532167B2D100A108D7 /* ChatViewController.swift in Sources */ = {isa = PBXBuildFile; fileRef = 4800BC522167B2D100A108D7 /* ChatViewController.swift */; };
		4800BC552167B92100A108D7 /* ChatCell.swift in Sources */ = {isa = PBXBuildFile; fileRef = 4800BC542167B92100A108D7 /* ChatCell.swift */; };
		4843E879216703A300F93C27 /* AppDelegate.swift in Sources */ = {isa = PBXBuildFile; fileRef = 4843E878216703A300F93C27 /* AppDelegate.swift */; };
		4843E87B216703A300F93C27 /* ViewController.swift in Sources */ = {isa = PBXBuildFile; fileRef = 4843E87A216703A300F93C27 /* ViewController.swift */; };
		4843E87E216703A300F93C27 /* Main.storyboard in Resources */ = {isa = PBXBuildFile; fileRef = 4843E87C216703A300F93C27 /* Main.storyboard */; };
		4843E880216703A300F93C27 /* Assets.xcassets in Resources */ = {isa = PBXBuildFile; fileRef = 4843E87F216703A300F93C27 /* Assets.xcassets */; };
		4843E883216703A300F93C27 /* LaunchScreen.storyboard in Resources */ = {isa = PBXBuildFile; fileRef = 4843E881216703A300F93C27 /* LaunchScreen.storyboard */; };
		4843E88E216703A300F93C27 /* ParseChatTests.swift in Sources */ = {isa = PBXBuildFile; fileRef = 4843E88D216703A300F93C27 /* ParseChatTests.swift */; };
		4843E899216703A300F93C27 /* ParseChatUITests.swift in Sources */ = {isa = PBXBuildFile; fileRef = 4843E898216703A300F93C27 /* ParseChatUITests.swift */; };
		4C7D58F3D261F264A3A1590F /* Pods_ParseChat.framework in Frameworks */ = {isa = PBXBuildFile; fileRef = E67B9E5E46950D32DA3FB289 /* Pods_ParseChat.framework */; };
		536FBBF074894A29BEC7B855 /* Pods_ParseChatUITests.framework in Frameworks */ = {isa = PBXBuildFile; fileRef = 2A85CB494B6AEEC550B74EC8 /* Pods_ParseChatUITests.framework */; };
		D52E0F43E2EE59BC5733A61A /* Pods_ParseChatTests.framework in Frameworks */ = {isa = PBXBuildFile; fileRef = 81D2BEFC625BD0EFEC832AA8 /* Pods_ParseChatTests.framework */; };
/* End PBXBuildFile section */

/* Begin PBXContainerItemProxy section */
		4843E88A216703A300F93C27 /* PBXContainerItemProxy */ = {
			isa = PBXContainerItemProxy;
			containerPortal = 4843E86D216703A300F93C27 /* Project object */;
			proxyType = 1;
			remoteGlobalIDString = 4843E874216703A300F93C27;
			remoteInfo = ParseChat;
		};
		4843E895216703A300F93C27 /* PBXContainerItemProxy */ = {
			isa = PBXContainerItemProxy;
			containerPortal = 4843E86D216703A300F93C27 /* Project object */;
			proxyType = 1;
			remoteGlobalIDString = 4843E874216703A300F93C27;
			remoteInfo = ParseChat;
		};
/* End PBXContainerItemProxy section */

/* Begin PBXFileReference section */
		2A85CB494B6AEEC550B74EC8 /* Pods_ParseChatUITests.framework */ = {isa = PBXFileReference; explicitFileType = wrapper.framework; includeInIndex = 0; path = Pods_ParseChatUITests.framework; sourceTree = BUILT_PRODUCTS_DIR; };
		32FABF9205E3BA9F68792199 /* Pods-ParseChatUITests.debug.xcconfig */ = {isa = PBXFileReference; includeInIndex = 1; lastKnownFileType = text.xcconfig; name = "Pods-ParseChatUITests.debug.xcconfig"; path = "Pods/Target Support Files/Pods-ParseChatUITests/Pods-ParseChatUITests.debug.xcconfig"; sourceTree = "<group>"; };
		41A48FA6EDEBF5DC0A65ECEB /* Pods-ParseChat.release.xcconfig */ = {isa = PBXFileReference; includeInIndex = 1; lastKnownFileType = text.xcconfig; name = "Pods-ParseChat.release.xcconfig"; path = "Pods/Target Support Files/Pods-ParseChat/Pods-ParseChat.release.xcconfig"; sourceTree = "<group>"; };
		4800BC502167A02A00A108D7 /* LoginViewController.swift */ = {isa = PBXFileReference; lastKnownFileType = sourcecode.swift; path = LoginViewController.swift; sourceTree = "<group>"; };
		4800BC522167B2D100A108D7 /* ChatViewController.swift */ = {isa = PBXFileReference; lastKnownFileType = sourcecode.swift; path = ChatViewController.swift; sourceTree = "<group>"; };
		4800BC542167B92100A108D7 /* ChatCell.swift */ = {isa = PBXFileReference; lastKnownFileType = sourcecode.swift; path = ChatCell.swift; sourceTree = "<group>"; };
		4843E875216703A300F93C27 /* ParseChat.app */ = {isa = PBXFileReference; explicitFileType = wrapper.application; includeInIndex = 0; path = ParseChat.app; sourceTree = BUILT_PRODUCTS_DIR; };
		4843E878216703A300F93C27 /* AppDelegate.swift */ = {isa = PBXFileReference; lastKnownFileType = sourcecode.swift; path = AppDelegate.swift; sourceTree = "<group>"; };
		4843E87A216703A300F93C27 /* ViewController.swift */ = {isa = PBXFileReference; lastKnownFileType = sourcecode.swift; path = ViewController.swift; sourceTree = "<group>"; };
		4843E87D216703A300F93C27 /* Base */ = {isa = PBXFileReference; lastKnownFileType = file.storyboard; name = Base; path = Base.lproj/Main.storyboard; sourceTree = "<group>"; };
		4843E87F216703A300F93C27 /* Assets.xcassets */ = {isa = PBXFileReference; lastKnownFileType = folder.assetcatalog; path = Assets.xcassets; sourceTree = "<group>"; };
		4843E882216703A300F93C27 /* Base */ = {isa = PBXFileReference; lastKnownFileType = file.storyboard; name = Base; path = Base.lproj/LaunchScreen.storyboard; sourceTree = "<group>"; };
		4843E884216703A300F93C27 /* Info.plist */ = {isa = PBXFileReference; lastKnownFileType = text.plist.xml; path = Info.plist; sourceTree = "<group>"; };
		4843E889216703A300F93C27 /* ParseChatTests.xctest */ = {isa = PBXFileReference; explicitFileType = wrapper.cfbundle; includeInIndex = 0; path = ParseChatTests.xctest; sourceTree = BUILT_PRODUCTS_DIR; };
		4843E88D216703A300F93C27 /* ParseChatTests.swift */ = {isa = PBXFileReference; lastKnownFileType = sourcecode.swift; path = ParseChatTests.swift; sourceTree = "<group>"; };
		4843E88F216703A300F93C27 /* Info.plist */ = {isa = PBXFileReference; lastKnownFileType = text.plist.xml; path = Info.plist; sourceTree = "<group>"; };
		4843E894216703A300F93C27 /* ParseChatUITests.xctest */ = {isa = PBXFileReference; explicitFileType = wrapper.cfbundle; includeInIndex = 0; path = ParseChatUITests.xctest; sourceTree = BUILT_PRODUCTS_DIR; };
		4843E898216703A300F93C27 /* ParseChatUITests.swift */ = {isa = PBXFileReference; lastKnownFileType = sourcecode.swift; path = ParseChatUITests.swift; sourceTree = "<group>"; };
		4843E89A216703A300F93C27 /* Info.plist */ = {isa = PBXFileReference; lastKnownFileType = text.plist.xml; path = Info.plist; sourceTree = "<group>"; };
		73AAF77B1E343DB795C209FB /* Pods-ParseChat.debug.xcconfig */ = {isa = PBXFileReference; includeInIndex = 1; lastKnownFileType = text.xcconfig; name = "Pods-ParseChat.debug.xcconfig"; path = "Pods/Target Support Files/Pods-ParseChat/Pods-ParseChat.debug.xcconfig"; sourceTree = "<group>"; };
		81D2BEFC625BD0EFEC832AA8 /* Pods_ParseChatTests.framework */ = {isa = PBXFileReference; explicitFileType = wrapper.framework; includeInIndex = 0; path = Pods_ParseChatTests.framework; sourceTree = BUILT_PRODUCTS_DIR; };
		879C759994121BC711D60C7D /* Pods-ParseChatTests.release.xcconfig */ = {isa = PBXFileReference; includeInIndex = 1; lastKnownFileType = text.xcconfig; name = "Pods-ParseChatTests.release.xcconfig"; path = "Pods/Target Support Files/Pods-ParseChatTests/Pods-ParseChatTests.release.xcconfig"; sourceTree = "<group>"; };
		E67B9E5E46950D32DA3FB289 /* Pods_ParseChat.framework */ = {isa = PBXFileReference; explicitFileType = wrapper.framework; includeInIndex = 0; path = Pods_ParseChat.framework; sourceTree = BUILT_PRODUCTS_DIR; };
		EDA514217041FFEBE7450912 /* Pods-ParseChatTests.debug.xcconfig */ = {isa = PBXFileReference; includeInIndex = 1; lastKnownFileType = text.xcconfig; name = "Pods-ParseChatTests.debug.xcconfig"; path = "Pods/Target Support Files/Pods-ParseChatTests/Pods-ParseChatTests.debug.xcconfig"; sourceTree = "<group>"; };
		F07DEBB4ABBE96EA2935F7BB /* Pods-ParseChatUITests.release.xcconfig */ = {isa = PBXFileReference; includeInIndex = 1; lastKnownFileType = text.xcconfig; name = "Pods-ParseChatUITests.release.xcconfig"; path = "Pods/Target Support Files/Pods-ParseChatUITests/Pods-ParseChatUITests.release.xcconfig"; sourceTree = "<group>"; };
/* End PBXFileReference section */

/* Begin PBXFrameworksBuildPhase section */
		4843E872216703A300F93C27 /* Frameworks */ = {
			isa = PBXFrameworksBuildPhase;
			buildActionMask = 2147483647;
			files = (
				4C7D58F3D261F264A3A1590F /* Pods_ParseChat.framework in Frameworks */,
			);
			runOnlyForDeploymentPostprocessing = 0;
		};
		4843E886216703A300F93C27 /* Frameworks */ = {
			isa = PBXFrameworksBuildPhase;
			buildActionMask = 2147483647;
			files = (
				D52E0F43E2EE59BC5733A61A /* Pods_ParseChatTests.framework in Frameworks */,
			);
			runOnlyForDeploymentPostprocessing = 0;
		};
		4843E891216703A300F93C27 /* Frameworks */ = {
			isa = PBXFrameworksBuildPhase;
			buildActionMask = 2147483647;
			files = (
				536FBBF074894A29BEC7B855 /* Pods_ParseChatUITests.framework in Frameworks */,
			);
			runOnlyForDeploymentPostprocessing = 0;
		};
/* End PBXFrameworksBuildPhase section */

/* Begin PBXGroup section */
		4843E86C216703A300F93C27 = {
			isa = PBXGroup;
			children = (
				4843E877216703A300F93C27 /* ParseChat */,
				4843E88C216703A300F93C27 /* ParseChatTests */,
				4843E897216703A300F93C27 /* ParseChatUITests */,
				4843E876216703A300F93C27 /* Products */,
				FFE62C98AE4A5A4A1BAD3EB1 /* Pods */,
				7C4635B1EE460ACF58A6EB4D /* Frameworks */,
			);
			sourceTree = "<group>";
		};
		4843E876216703A300F93C27 /* Products */ = {
			isa = PBXGroup;
			children = (
				4843E875216703A300F93C27 /* ParseChat.app */,
				4843E889216703A300F93C27 /* ParseChatTests.xctest */,
				4843E894216703A300F93C27 /* ParseChatUITests.xctest */,
			);
			name = Products;
			sourceTree = "<group>";
		};
		4843E877216703A300F93C27 /* ParseChat */ = {
			isa = PBXGroup;
			children = (
				4843E878216703A300F93C27 /* AppDelegate.swift */,
				4843E87A216703A300F93C27 /* ViewController.swift */,
				4843E87C216703A300F93C27 /* Main.storyboard */,
				4843E87F216703A300F93C27 /* Assets.xcassets */,
				4843E881216703A300F93C27 /* LaunchScreen.storyboard */,
				4843E884216703A300F93C27 /* Info.plist */,
				4800BC502167A02A00A108D7 /* LoginViewController.swift */,
				4800BC522167B2D100A108D7 /* ChatViewController.swift */,
				4800BC542167B92100A108D7 /* ChatCell.swift */,
			);
			path = ParseChat;
			sourceTree = "<group>";
		};
		4843E88C216703A300F93C27 /* ParseChatTests */ = {
			isa = PBXGroup;
			children = (
				4843E88D216703A300F93C27 /* ParseChatTests.swift */,
				4843E88F216703A300F93C27 /* Info.plist */,
			);
			path = ParseChatTests;
			sourceTree = "<group>";
		};
		4843E897216703A300F93C27 /* ParseChatUITests */ = {
			isa = PBXGroup;
			children = (
				4843E898216703A300F93C27 /* ParseChatUITests.swift */,
				4843E89A216703A300F93C27 /* Info.plist */,
			);
			path = ParseChatUITests;
			sourceTree = "<group>";
		};
		7C4635B1EE460ACF58A6EB4D /* Frameworks */ = {
			isa = PBXGroup;
			children = (
				E67B9E5E46950D32DA3FB289 /* Pods_ParseChat.framework */,
				81D2BEFC625BD0EFEC832AA8 /* Pods_ParseChatTests.framework */,
				2A85CB494B6AEEC550B74EC8 /* Pods_ParseChatUITests.framework */,
			);
			name = Frameworks;
			sourceTree = "<group>";
		};
		FFE62C98AE4A5A4A1BAD3EB1 /* Pods */ = {
			isa = PBXGroup;
			children = (
				73AAF77B1E343DB795C209FB /* Pods-ParseChat.debug.xcconfig */,
				41A48FA6EDEBF5DC0A65ECEB /* Pods-ParseChat.release.xcconfig */,
				EDA514217041FFEBE7450912 /* Pods-ParseChatTests.debug.xcconfig */,
				879C759994121BC711D60C7D /* Pods-ParseChatTests.release.xcconfig */,
				32FABF9205E3BA9F68792199 /* Pods-ParseChatUITests.debug.xcconfig */,
				F07DEBB4ABBE96EA2935F7BB /* Pods-ParseChatUITests.release.xcconfig */,
			);
			name = Pods;
			sourceTree = "<group>";
		};
/* End PBXGroup section */

/* Begin PBXNativeTarget section */
		4843E874216703A300F93C27 /* ParseChat */ = {
			isa = PBXNativeTarget;
			buildConfigurationList = 4843E89D216703A300F93C27 /* Build configuration list for PBXNativeTarget "ParseChat" */;
			buildPhases = (
				7C29289FA27C62E15295F90C /* [CP] Check Pods Manifest.lock */,
				4843E871216703A300F93C27 /* Sources */,
				4843E872216703A300F93C27 /* Frameworks */,
				4843E873216703A300F93C27 /* Resources */,
				F42A943CCFDA1586D9B67D52 /* [CP] Embed Pods Frameworks */,
			);
			buildRules = (
			);
			dependencies = (
			);
			name = ParseChat;
			productName = ParseChat;
			productReference = 4843E875216703A300F93C27 /* ParseChat.app */;
			productType = "com.apple.product-type.application";
		};
		4843E888216703A300F93C27 /* ParseChatTests */ = {
			isa = PBXNativeTarget;
			buildConfigurationList = 4843E8A0216703A300F93C27 /* Build configuration list for PBXNativeTarget "ParseChatTests" */;
			buildPhases = (
				C9FB8284D9E7A0484F9A2F44 /* [CP] Check Pods Manifest.lock */,
				4843E885216703A300F93C27 /* Sources */,
				4843E886216703A300F93C27 /* Frameworks */,
				4843E887216703A300F93C27 /* Resources */,
			);
			buildRules = (
			);
			dependencies = (
				4843E88B216703A300F93C27 /* PBXTargetDependency */,
			);
			name = ParseChatTests;
			productName = ParseChatTests;
			productReference = 4843E889216703A300F93C27 /* ParseChatTests.xctest */;
			productType = "com.apple.product-type.bundle.unit-test";
		};
		4843E893216703A300F93C27 /* ParseChatUITests */ = {
			isa = PBXNativeTarget;
			buildConfigurationList = 4843E8A3216703A300F93C27 /* Build configuration list for PBXNativeTarget "ParseChatUITests" */;
			buildPhases = (
				DF9701928C2EA1D6009BE2BB /* [CP] Check Pods Manifest.lock */,
				4843E890216703A300F93C27 /* Sources */,
				4843E891216703A300F93C27 /* Frameworks */,
				4843E892216703A300F93C27 /* Resources */,
			);
			buildRules = (
			);
			dependencies = (
				4843E896216703A300F93C27 /* PBXTargetDependency */,
			);
			name = ParseChatUITests;
			productName = ParseChatUITests;
			productReference = 4843E894216703A300F93C27 /* ParseChatUITests.xctest */;
			productType = "com.apple.product-type.bundle.ui-testing";
		};
/* End PBXNativeTarget section */

/* Begin PBXProject section */
		4843E86D216703A300F93C27 /* Project object */ = {
			isa = PBXProject;
			attributes = {
				LastSwiftUpdateCheck = 0920;
				LastUpgradeCheck = 0920;
				ORGANIZATIONNAME = "Avishek Thapa Magar";
				TargetAttributes = {
					4843E874216703A300F93C27 = {
						CreatedOnToolsVersion = 9.2;
						ProvisioningStyle = Automatic;
					};
					4843E888216703A300F93C27 = {
						CreatedOnToolsVersion = 9.2;
						ProvisioningStyle = Automatic;
						TestTargetID = 4843E874216703A300F93C27;
					};
					4843E893216703A300F93C27 = {
						CreatedOnToolsVersion = 9.2;
						ProvisioningStyle = Automatic;
						TestTargetID = 4843E874216703A300F93C27;
					};
				};
			};
			buildConfigurationList = 4843E870216703A300F93C27 /* Build configuration list for PBXProject "ParseChat" */;
			compatibilityVersion = "Xcode 8.0";
			developmentRegion = en;
			hasScannedForEncodings = 0;
			knownRegions = (
				en,
				Base,
			);
			mainGroup = 4843E86C216703A300F93C27;
			productRefGroup = 4843E876216703A300F93C27 /* Products */;
			projectDirPath = "";
			projectRoot = "";
			targets = (
				4843E874216703A300F93C27 /* ParseChat */,
				4843E888216703A300F93C27 /* ParseChatTests */,
				4843E893216703A300F93C27 /* ParseChatUITests */,
			);
		};
/* End PBXProject section */

/* Begin PBXResourcesBuildPhase section */
		4843E873216703A300F93C27 /* Resources */ = {
			isa = PBXResourcesBuildPhase;
			buildActionMask = 2147483647;
			files = (
				4843E883216703A300F93C27 /* LaunchScreen.storyboard in Resources */,
				4843E880216703A300F93C27 /* Assets.xcassets in Resources */,
				4843E87E216703A300F93C27 /* Main.storyboard in Resources */,
			);
			runOnlyForDeploymentPostprocessing = 0;
		};
		4843E887216703A300F93C27 /* Resources */ = {
			isa = PBXResourcesBuildPhase;
			buildActionMask = 2147483647;
			files = (
			);
			runOnlyForDeploymentPostprocessing = 0;
		};
		4843E892216703A300F93C27 /* Resources */ = {
			isa = PBXResourcesBuildPhase;
			buildActionMask = 2147483647;
			files = (
			);
			runOnlyForDeploymentPostprocessing = 0;
		};
/* End PBXResourcesBuildPhase section */

/* Begin PBXShellScriptBuildPhase section */
		7C29289FA27C62E15295F90C /* [CP] Check Pods Manifest.lock */ = {
			isa = PBXShellScriptBuildPhase;
			buildActionMask = 2147483647;
			files = (
			);
			inputPaths = (
				"${PODS_PODFILE_DIR_PATH}/Podfile.lock",
				"${PODS_ROOT}/Manifest.lock",
			);
			name = "[CP] Check Pods Manifest.lock";
			outputPaths = (
				"$(DERIVED_FILE_DIR)/Pods-ParseChat-checkManifestLockResult.txt",
			);
			runOnlyForDeploymentPostprocessing = 0;
			shellPath = /bin/sh;
			shellScript = "diff \"${PODS_PODFILE_DIR_PATH}/Podfile.lock\" \"${PODS_ROOT}/Manifest.lock\" > /dev/null\nif [ $? != 0 ] ; then\n    # print error to STDERR\n    echo \"error: The sandbox is not in sync with the Podfile.lock. Run 'pod install' or update your CocoaPods installation.\" >&2\n    exit 1\nfi\n# This output is used by Xcode 'outputs' to avoid re-running this script phase.\necho \"SUCCESS\" > \"${SCRIPT_OUTPUT_FILE_0}\"\n";
			showEnvVarsInLog = 0;
		};
		C9FB8284D9E7A0484F9A2F44 /* [CP] Check Pods Manifest.lock */ = {
			isa = PBXShellScriptBuildPhase;
			buildActionMask = 2147483647;
			files = (
			);
			inputPaths = (
				"${PODS_PODFILE_DIR_PATH}/Podfile.lock",
				"${PODS_ROOT}/Manifest.lock",
			);
			name = "[CP] Check Pods Manifest.lock";
			outputPaths = (
				"$(DERIVED_FILE_DIR)/Pods-ParseChatTests-checkManifestLockResult.txt",
			);
			runOnlyForDeploymentPostprocessing = 0;
			shellPath = /bin/sh;
			shellScript = "diff \"${PODS_PODFILE_DIR_PATH}/Podfile.lock\" \"${PODS_ROOT}/Manifest.lock\" > /dev/null\nif [ $? != 0 ] ; then\n    # print error to STDERR\n    echo \"error: The sandbox is not in sync with the Podfile.lock. Run 'pod install' or update your CocoaPods installation.\" >&2\n    exit 1\nfi\n# This output is used by Xcode 'outputs' to avoid re-running this script phase.\necho \"SUCCESS\" > \"${SCRIPT_OUTPUT_FILE_0}\"\n";
			showEnvVarsInLog = 0;
		};
		DF9701928C2EA1D6009BE2BB /* [CP] Check Pods Manifest.lock */ = {
			isa = PBXShellScriptBuildPhase;
			buildActionMask = 2147483647;
			files = (
			);
			inputPaths = (
				"${PODS_PODFILE_DIR_PATH}/Podfile.lock",
				"${PODS_ROOT}/Manifest.lock",
			);
			name = "[CP] Check Pods Manifest.lock";
			outputPaths = (
				"$(DERIVED_FILE_DIR)/Pods-ParseChatUITests-checkManifestLockResult.txt",
			);
			runOnlyForDeploymentPostprocessing = 0;
			shellPath = /bin/sh;
			shellScript = "diff \"${PODS_PODFILE_DIR_PATH}/Podfile.lock\" \"${PODS_ROOT}/Manifest.lock\" > /dev/null\nif [ $? != 0 ] ; then\n    # print error to STDERR\n    echo \"error: The sandbox is not in sync with the Podfile.lock. Run 'pod install' or update your CocoaPods installation.\" >&2\n    exit 1\nfi\n# This output is used by Xcode 'outputs' to avoid re-running this script phase.\necho \"SUCCESS\" > \"${SCRIPT_OUTPUT_FILE_0}\"\n";
			showEnvVarsInLog = 0;
		};
		F42A943CCFDA1586D9B67D52 /* [CP] Embed Pods Frameworks */ = {
			isa = PBXShellScriptBuildPhase;
			buildActionMask = 2147483647;
			files = (
			);
			inputPaths = (
				"${SRCROOT}/Pods/Target Support Files/Pods-ParseChat/Pods-ParseChat-frameworks.sh",
				"${BUILT_PRODUCTS_DIR}/Bolts/Bolts.framework",
				"${BUILT_PRODUCTS_DIR}/Parse/Parse.framework",
			);
			name = "[CP] Embed Pods Frameworks";
			outputPaths = (
				"${TARGET_BUILD_DIR}/${FRAMEWORKS_FOLDER_PATH}/Bolts.framework",
				"${TARGET_BUILD_DIR}/${FRAMEWORKS_FOLDER_PATH}/Parse.framework",
			);
			runOnlyForDeploymentPostprocessing = 0;
			shellPath = /bin/sh;
			shellScript = "\"${SRCROOT}/Pods/Target Support Files/Pods-ParseChat/Pods-ParseChat-frameworks.sh\"\n";
			showEnvVarsInLog = 0;
		};
/* End PBXShellScriptBuildPhase section */

/* Begin PBXSourcesBuildPhase section */
		4843E871216703A300F93C27 /* Sources */ = {
			isa = PBXSourcesBuildPhase;
			buildActionMask = 2147483647;
			files = (
				4800BC512167A02A00A108D7 /* LoginViewController.swift in Sources */,
				4843E87B216703A300F93C27 /* ViewController.swift in Sources */,
				4800BC532167B2D100A108D7 /* ChatViewController.swift in Sources */,
				4800BC552167B92100A108D7 /* ChatCell.swift in Sources */,
				4843E879216703A300F93C27 /* AppDelegate.swift in Sources */,
			);
			runOnlyForDeploymentPostprocessing = 0;
		};
		4843E885216703A300F93C27 /* Sources */ = {
			isa = PBXSourcesBuildPhase;
			buildActionMask = 2147483647;
			files = (
				4843E88E216703A300F93C27 /* ParseChatTests.swift in Sources */,
			);
			runOnlyForDeploymentPostprocessing = 0;
		};
		4843E890216703A300F93C27 /* Sources */ = {
			isa = PBXSourcesBuildPhase;
			buildActionMask = 2147483647;
			files = (
				4843E899216703A300F93C27 /* ParseChatUITests.swift in Sources */,
			);
			runOnlyForDeploymentPostprocessing = 0;
		};
/* End PBXSourcesBuildPhase section */

/* Begin PBXTargetDependency section */
		4843E88B216703A300F93C27 /* PBXTargetDependency */ = {
			isa = PBXTargetDependency;
			target = 4843E874216703A300F93C27 /* ParseChat */;
			targetProxy = 4843E88A216703A300F93C27 /* PBXContainerItemProxy */;
		};
		4843E896216703A300F93C27 /* PBXTargetDependency */ = {
			isa = PBXTargetDependency;
			target = 4843E874216703A300F93C27 /* ParseChat */;
			targetProxy = 4843E895216703A300F93C27 /* PBXContainerItemProxy */;
		};
/* End PBXTargetDependency section */

/* Begin PBXVariantGroup section */
		4843E87C216703A300F93C27 /* Main.storyboard */ = {
			isa = PBXVariantGroup;
			children = (
				4843E87D216703A300F93C27 /* Base */,
			);
			name = Main.storyboard;
			sourceTree = "<group>";
		};
		4843E881216703A300F93C27 /* LaunchScreen.storyboard */ = {
			isa = PBXVariantGroup;
			children = (
				4843E882216703A300F93C27 /* Base */,
			);
			name = LaunchScreen.storyboard;
			sourceTree = "<group>";
		};
/* End PBXVariantGroup section */

/* Begin XCBuildConfiguration section */
		4843E89B216703A300F93C27 /* Debug */ = {
			isa = XCBuildConfiguration;
			buildSettings = {
				ALWAYS_SEARCH_USER_PATHS = NO;
				CLANG_ANALYZER_NONNULL = YES;
				CLANG_ANALYZER_NUMBER_OBJECT_CONVERSION = YES_AGGRESSIVE;
				CLANG_CXX_LANGUAGE_STANDARD = "gnu++14";
				CLANG_CXX_LIBRARY = "libc++";
				CLANG_ENABLE_MODULES = YES;
				CLANG_ENABLE_OBJC_ARC = YES;
				CLANG_WARN_BLOCK_CAPTURE_AUTORELEASING = YES;
				CLANG_WARN_BOOL_CONVERSION = YES;
				CLANG_WARN_COMMA = YES;
				CLANG_WARN_CONSTANT_CONVERSION = YES;
				CLANG_WARN_DIRECT_OBJC_ISA_USAGE = YES_ERROR;
				CLANG_WARN_DOCUMENTATION_COMMENTS = YES;
				CLANG_WARN_EMPTY_BODY = YES;
				CLANG_WARN_ENUM_CONVERSION = YES;
				CLANG_WARN_INFINITE_RECURSION = YES;
				CLANG_WARN_INT_CONVERSION = YES;
				CLANG_WARN_NON_LITERAL_NULL_CONVERSION = YES;
				CLANG_WARN_OBJC_LITERAL_CONVERSION = YES;
				CLANG_WARN_OBJC_ROOT_CLASS = YES_ERROR;
				CLANG_WARN_RANGE_LOOP_ANALYSIS = YES;
				CLANG_WARN_STRICT_PROTOTYPES = YES;
				CLANG_WARN_SUSPICIOUS_MOVE = YES;
				CLANG_WARN_UNGUARDED_AVAILABILITY = YES_AGGRESSIVE;
				CLANG_WARN_UNREACHABLE_CODE = YES;
				CLANG_WARN__DUPLICATE_METHOD_MATCH = YES;
				CODE_SIGN_IDENTITY = "iPhone Developer";
				COPY_PHASE_STRIP = NO;
				DEBUG_INFORMATION_FORMAT = dwarf;
				ENABLE_STRICT_OBJC_MSGSEND = YES;
				ENABLE_TESTABILITY = YES;
				GCC_C_LANGUAGE_STANDARD = gnu11;
				GCC_DYNAMIC_NO_PIC = NO;
				GCC_NO_COMMON_BLOCKS = YES;
				GCC_OPTIMIZATION_LEVEL = 0;
				GCC_PREPROCESSOR_DEFINITIONS = (
					"DEBUG=1",
					"$(inherited)",
				);
				GCC_WARN_64_TO_32_BIT_CONVERSION = YES;
				GCC_WARN_ABOUT_RETURN_TYPE = YES_ERROR;
				GCC_WARN_UNDECLARED_SELECTOR = YES;
				GCC_WARN_UNINITIALIZED_AUTOS = YES_AGGRESSIVE;
				GCC_WARN_UNUSED_FUNCTION = YES;
				GCC_WARN_UNUSED_VARIABLE = YES;
				IPHONEOS_DEPLOYMENT_TARGET = 11.2;
				MTL_ENABLE_DEBUG_INFO = YES;
				ONLY_ACTIVE_ARCH = YES;
				SDKROOT = iphoneos;
				SWIFT_ACTIVE_COMPILATION_CONDITIONS = DEBUG;
				SWIFT_OPTIMIZATION_LEVEL = "-Onone";
			};
			name = Debug;
		};
		4843E89C216703A300F93C27 /* Release */ = {
			isa = XCBuildConfiguration;
			buildSettings = {
				ALWAYS_SEARCH_USER_PATHS = NO;
				CLANG_ANALYZER_NONNULL = YES;
				CLANG_ANALYZER_NUMBER_OBJECT_CONVERSION = YES_AGGRESSIVE;
				CLANG_CXX_LANGUAGE_STANDARD = "gnu++14";
				CLANG_CXX_LIBRARY = "libc++";
				CLANG_ENABLE_MODULES = YES;
				CLANG_ENABLE_OBJC_ARC = YES;
				CLANG_WARN_BLOCK_CAPTURE_AUTORELEASING = YES;
				CLANG_WARN_BOOL_CONVERSION = YES;
				CLANG_WARN_COMMA = YES;
				CLANG_WARN_CONSTANT_CONVERSION = YES;
				CLANG_WARN_DIRECT_OBJC_ISA_USAGE = YES_ERROR;
				CLANG_WARN_DOCUMENTATION_COMMENTS = YES;
				CLANG_WARN_EMPTY_BODY = YES;
				CLANG_WARN_ENUM_CONVERSION = YES;
				CLANG_WARN_INFINITE_RECURSION = YES;
				CLANG_WARN_INT_CONVERSION = YES;
				CLANG_WARN_NON_LITERAL_NULL_CONVERSION = YES;
				CLANG_WARN_OBJC_LITERAL_CONVERSION = YES;
				CLANG_WARN_OBJC_ROOT_CLASS = YES_ERROR;
				CLANG_WARN_RANGE_LOOP_ANALYSIS = YES;
				CLANG_WARN_STRICT_PROTOTYPES = YES;
				CLANG_WARN_SUSPICIOUS_MOVE = YES;
				CLANG_WARN_UNGUARDED_AVAILABILITY = YES_AGGRESSIVE;
				CLANG_WARN_UNREACHABLE_CODE = YES;
				CLANG_WARN__DUPLICATE_METHOD_MATCH = YES;
				CODE_SIGN_IDENTITY = "iPhone Developer";
				COPY_PHASE_STRIP = NO;
				DEBUG_INFORMATION_FORMAT = "dwarf-with-dsym";
				ENABLE_NS_ASSERTIONS = NO;
				ENABLE_STRICT_OBJC_MSGSEND = YES;
				GCC_C_LANGUAGE_STANDARD = gnu11;
				GCC_NO_COMMON_BLOCKS = YES;
				GCC_WARN_64_TO_32_BIT_CONVERSION = YES;
				GCC_WARN_ABOUT_RETURN_TYPE = YES_ERROR;
				GCC_WARN_UNDECLARED_SELECTOR = YES;
				GCC_WARN_UNINITIALIZED_AUTOS = YES_AGGRESSIVE;
				GCC_WARN_UNUSED_FUNCTION = YES;
				GCC_WARN_UNUSED_VARIABLE = YES;
				IPHONEOS_DEPLOYMENT_TARGET = 11.2;
				MTL_ENABLE_DEBUG_INFO = NO;
				SDKROOT = iphoneos;
				SWIFT_OPTIMIZATION_LEVEL = "-Owholemodule";
				VALIDATE_PRODUCT = YES;
			};
			name = Release;
		};
		4843E89E216703A300F93C27 /* Debug */ = {
			isa = XCBuildConfiguration;
			baseConfigurationReference = 73AAF77B1E343DB795C209FB /* Pods-ParseChat.debug.xcconfig */;
			buildSettings = {
				ASSETCATALOG_COMPILER_APPICON_NAME = AppIcon;
				CODE_SIGN_STYLE = Automatic;
				INFOPLIST_FILE = ParseChat/Info.plist;
				LD_RUNPATH_SEARCH_PATHS = "$(inherited) @executable_path/Frameworks";
				PRODUCT_BUNDLE_IDENTIFIER = soft.ParseChat;
				PRODUCT_NAME = "$(TARGET_NAME)";
				SWIFT_VERSION = 4.0;
				TARGETED_DEVICE_FAMILY = "1,2";
			};
			name = Debug;
		};
		4843E89F216703A300F93C27 /* Release */ = {
			isa = XCBuildConfiguration;
			baseConfigurationReference = 41A48FA6EDEBF5DC0A65ECEB /* Pods-ParseChat.release.xcconfig */;
			buildSettings = {
				ASSETCATALOG_COMPILER_APPICON_NAME = AppIcon;
				CODE_SIGN_STYLE = Automatic;
				INFOPLIST_FILE = ParseChat/Info.plist;
				LD_RUNPATH_SEARCH_PATHS = "$(inherited) @executable_path/Frameworks";
				PRODUCT_BUNDLE_IDENTIFIER = soft.ParseChat;
				PRODUCT_NAME = "$(TARGET_NAME)";
				SWIFT_VERSION = 4.0;
				TARGETED_DEVICE_FAMILY = "1,2";
			};
			name = Release;
		};
		4843E8A1216703A300F93C27 /* Debug */ = {
			isa = XCBuildConfiguration;
			baseConfigurationReference = EDA514217041FFEBE7450912 /* Pods-ParseChatTests.debug.xcconfig */;
			buildSettings = {
				ALWAYS_EMBED_SWIFT_STANDARD_LIBRARIES = YES;
				BUNDLE_LOADER = "$(TEST_HOST)";
				CODE_SIGN_STYLE = Automatic;
				INFOPLIST_FILE = ParseChatTests/Info.plist;
				LD_RUNPATH_SEARCH_PATHS = "$(inherited) @executable_path/Frameworks @loader_path/Frameworks";
				PRODUCT_BUNDLE_IDENTIFIER = soft.ParseChatTests;
				PRODUCT_NAME = "$(TARGET_NAME)";
				SWIFT_VERSION = 4.0;
				TARGETED_DEVICE_FAMILY = "1,2";
				TEST_HOST = "$(BUILT_PRODUCTS_DIR)/ParseChat.app/ParseChat";
			};
			name = Debug;
		};
		4843E8A2216703A300F93C27 /* Release */ = {
			isa = XCBuildConfiguration;
			baseConfigurationReference = 879C759994121BC711D60C7D /* Pods-ParseChatTests.release.xcconfig */;
			buildSettings = {
				ALWAYS_EMBED_SWIFT_STANDARD_LIBRARIES = YES;
				BUNDLE_LOADER = "$(TEST_HOST)";
				CODE_SIGN_STYLE = Automatic;
				INFOPLIST_FILE = ParseChatTests/Info.plist;
				LD_RUNPATH_SEARCH_PATHS = "$(inherited) @executable_path/Frameworks @loader_path/Frameworks";
				PRODUCT_BUNDLE_IDENTIFIER = soft.ParseChatTests;
				PRODUCT_NAME = "$(TARGET_NAME)";
				SWIFT_VERSION = 4.0;
				TARGETED_DEVICE_FAMILY = "1,2";
				TEST_HOST = "$(BUILT_PRODUCTS_DIR)/ParseChat.app/ParseChat";
			};
			name = Release;
		};
		4843E8A4216703A300F93C27 /* Debug */ = {
			isa = XCBuildConfiguration;
			baseConfigurationReference = 32FABF9205E3BA9F68792199 /* Pods-ParseChatUITests.debug.xcconfig */;
			buildSettings = {
				ALWAYS_EMBED_SWIFT_STANDARD_LIBRARIES = YES;
				CODE_SIGN_STYLE = Automatic;
				INFOPLIST_FILE = ParseChatUITests/Info.plist;
				LD_RUNPATH_SEARCH_PATHS = "$(inherited) @executable_path/Frameworks @loader_path/Frameworks";
				PRODUCT_BUNDLE_IDENTIFIER = soft.ParseChatUITests;
				PRODUCT_NAME = "$(TARGET_NAME)";
				SWIFT_VERSION = 4.0;
				TARGETED_DEVICE_FAMILY = "1,2";
				TEST_TARGET_NAME = ParseChat;
			};
			name = Debug;
		};
		4843E8A5216703A300F93C27 /* Release */ = {
			isa = XCBuildConfiguration;
			baseConfigurationReference = F07DEBB4ABBE96EA2935F7BB /* Pods-ParseChatUITests.release.xcconfig */;
			buildSettings = {
				ALWAYS_EMBED_SWIFT_STANDARD_LIBRARIES = YES;
				CODE_SIGN_STYLE = Automatic;
				INFOPLIST_FILE = ParseChatUITests/Info.plist;
				LD_RUNPATH_SEARCH_PATHS = "$(inherited) @executable_path/Frameworks @loader_path/Frameworks";
				PRODUCT_BUNDLE_IDENTIFIER = soft.ParseChatUITests;
				PRODUCT_NAME = "$(TARGET_NAME)";
				SWIFT_VERSION = 4.0;
				TARGETED_DEVICE_FAMILY = "1,2";
				TEST_TARGET_NAME = ParseChat;
			};
			name = Release;
		};
/* End XCBuildConfiguration section */

/* Begin XCConfigurationList section */
		4843E870216703A300F93C27 /* Build configuration list for PBXProject "ParseChat" */ = {
			isa = XCConfigurationList;
			buildConfigurations = (
				4843E89B216703A300F93C27 /* Debug */,
				4843E89C216703A300F93C27 /* Release */,
			);
			defaultConfigurationIsVisible = 0;
			defaultConfigurationName = Release;
		};
		4843E89D216703A300F93C27 /* Build configuration list for PBXNativeTarget "ParseChat" */ = {
			isa = XCConfigurationList;
			buildConfigurations = (
				4843E89E216703A300F93C27 /* Debug */,
				4843E89F216703A300F93C27 /* Release */,
			);
			defaultConfigurationIsVisible = 0;
			defaultConfigurationName = Release;
		};
		4843E8A0216703A300F93C27 /* Build configuration list for PBXNativeTarget "ParseChatTests" */ = {
			isa = XCConfigurationList;
			buildConfigurations = (
				4843E8A1216703A300F93C27 /* Debug */,
				4843E8A2216703A300F93C27 /* Release */,
			);
			defaultConfigurationIsVisible = 0;
			defaultConfigurationName = Release;
		};
		4843E8A3216703A300F93C27 /* Build configuration list for PBXNativeTarget "ParseChatUITests" */ = {
			isa = XCConfigurationList;
			buildConfigurations = (
				4843E8A4216703A300F93C27 /* Debug */,
				4843E8A5216703A300F93C27 /* Release */,
			);
			defaultConfigurationIsVisible = 0;
			defaultConfigurationName = Release;
		};
/* End XCConfigurationList section */
	};
	rootObject = 4843E86D216703A300F93C27 /* Project object */;
}
